
Microsoft Visual Studio Solution File, Format Version 12.00
# Visual Studio Version 17
VisualStudioVersion = 17.14.36705.20
MinimumVisualStudioVersion = 10.0.40219.1
Project("{9A19103F-16F7-4668-BE54-9A1E7A4F7556}") = "Capstone-Project-PROG36944", "Capstone-Project-PROG36944.csproj", "{629649E1-FAD5-45C7-BB5B-E3AA9A6FAD4E}"
EndProject
Project("{FAE04EC0-301F-11D3-BF4B-00C04F79EFBC}") = "Capstone_Project_PROG36944.Tests", "..\Capstone_Project_PROG36944.Tests\Capstone_Project_PROG36944.Tests.csproj", "{E0659283-4F11-479B-AC3F-6EC1A1C75CA2}"
EndProject
Global
	GlobalSection(SolutionConfigurationPlatforms) = preSolution
		Debug|Any CPU = Debug|Any CPU
		Release|Any CPU = Release|Any CPU
	EndGlobalSection
	GlobalSection(ProjectConfigurationPlatforms) = postSolution
		{629649E1-FAD5-45C7-BB5B-E3AA9A6FAD4E}.Debug|Any CPU.ActiveCfg = Debug|Any CPU
		{629649E1-FAD5-45C7-BB5B-E3AA9A6FAD4E}.Debug|Any CPU.Build.0 = Debug|Any CPU
		{629649E1-FAD5-45C7-BB5B-E3AA9A6FAD4E}.Release|Any CPU.ActiveCfg = Release|Any CPU
		{629649E1-FAD5-45C7-BB5B-E3AA9A6FAD4E}.Release|Any CPU.Build.0 = Release|Any CPU
		{E0659283-4F11-479B-AC3F-6EC1A1C75CA2}.Debug|Any CPU.ActiveCfg = Debug|Any CPU
		{E0659283-4F11-479B-AC3F-6EC1A1C75CA2}.Debug|Any CPU.Build.0 = Debug|Any CPU
		{E0659283-4F11-479B-AC3F-6EC1A1C75CA2}.Release|Any CPU.ActiveCfg = Release|Any CPU
		{E0659283-4F11-479B-AC3F-6EC1A1C75CA2}.Release|Any CPU.Build.0 = Release|Any CPU
	EndGlobalSection
	GlobalSection(SolutionProperties) = preSolution
		HideSolutionNode = FALSE
	EndGlobalSection
	GlobalSection(ExtensibilityGlobals) = postSolution
		SolutionGuid = {799B2813-F5BA-4DBC-A501-D5A33380CC32}
	EndGlobalSection
EndGlobal
